
Microsoft Visual Studio Solution File, Format Version 12.00
# Visual Studio Version 16
VisualStudioVersion = 16.0.29609.76
MinimumVisualStudioVersion = 10.0.40219.1
Project("{FAE04EC0-301F-11D3-BF4B-00C04F79EFBC}") = "book_store", "book_store.csproj", "{DD6BBE80-966F-4346-B795-8015C86E1305}"
EndProject
Global
	GlobalSection(SolutionConfigurationPlatforms) = preSolution
		Debug|Any CPU = Debug|Any CPU
		Release|Any CPU = Release|Any CPU
	EndGlobalSection
	GlobalSection(ProjectConfigurationPlatforms) = postSolution
		{DD6BBE80-966F-4346-B795-8015C86E1305}.Debug|Any CPU.ActiveCfg = Debug|Any CPU
		{DD6BBE80-966F-4346-B795-8015C86E1305}.Debug|Any CPU.Build.0 = Debug|Any CPU
		{DD6BBE80-966F-4346-B795-8015C86E1305}.Release|Any CPU.ActiveCfg = Release|Any CPU
		{DD6BBE80-966F-4346-B795-8015C86E1305}.Release|Any CPU.Build.0 = Release|Any CPU
	EndGlobalSection
	GlobalSection(SolutionProperties) = preSolution
		HideSolutionNode = FALSE
	EndGlobalSection
	GlobalSection(ExtensibilityGlobals) = postSolution
		SolutionGuid = {91E4C131-BA82-48E2-BA8C-9CB6BD81250B}
	EndGlobalSection
EndGlobal
